// !$*UTF8*$!
{
	archiveVersion = 1;
	classes = {
	};
	objectVersion = 46;
	objects = {

/* Begin PBXBuildFile section */
		3E12600A978753FBADC9934F /* AudioToolbox.framework in Frameworks */ = {isa = PBXBuildFile; fileRef = 3E1263B9B2D55BF007404889 /* AudioToolbox.framework */; };
		3E12602E16A46BB9C173A90F /* CoreLocation.framework in Frameworks */ = {isa = PBXBuildFile; fileRef = 3E1267A1F79D673ADC5C0FA3 /* CoreLocation.framework */; };
		3E1260BB62CA2AD2E96C2B96 /* SystemConfiguration.framework in Frameworks */ = {isa = PBXBuildFile; fileRef = 3E126E7C4A5B6B3BB09D809C /* SystemConfiguration.framework */; };
		3E12635CBB8C138F23481872 /* BDAuthenticationViewController.m in Sources */ = {isa = PBXBuildFile; fileRef = 3E126C2714E706A16D9FDE8C /* BDAuthenticationViewController.m */; };
		3E12636A113A6BBA9D18480A /* BDZoneChecklistViewController.m in Sources */ = {isa = PBXBuildFile; fileRef = 3E126073531824567865A6E4 /* BDZoneChecklistViewController.m */; };
		3E12658AB765C20C4A630F8E /* BDAuthenticationView.xib in Resources */ = {isa = PBXBuildFile; fileRef = 3E126FEC48B4BE801C9F6541 /* BDAuthenticationView.xib */; };
		3E1265D3221F4C717DCD6165 /* BDStyles.h in Resources */ = {isa = PBXBuildFile; fileRef = 3E126130CA255C267FD74252 /* BDStyles.h */; };
		3E12698A1CD986562C3CE339 /* BDZoneMapViewController.m in Sources */ = {isa = PBXBuildFile; fileRef = 3E1266BE722C20AA53C1F641 /* BDZoneMapViewController.m */; };
		3E126DF1390BAA3EB0BB7249 /* CoreMotion.framework in Frameworks */ = {isa = PBXBuildFile; fileRef = 3E12632BFE3EC769CE0D1D43 /* CoreMotion.framework */; };
		832D483B19515A6C00DC29A9 /* MapKit.framework in Frameworks */ = {isa = PBXBuildFile; fileRef = 832D483A19515A6C00DC29A9 /* MapKit.framework */; };
		838DD2E9194BF316003B5942 /* Foundation.framework in Frameworks */ = {isa = PBXBuildFile; fileRef = 838DD2E8194BF316003B5942 /* Foundation.framework */; };
		838DD2EB194BF316003B5942 /* CoreGraphics.framework in Frameworks */ = {isa = PBXBuildFile; fileRef = 838DD2EA194BF316003B5942 /* CoreGraphics.framework */; };
		838DD2ED194BF316003B5942 /* UIKit.framework in Frameworks */ = {isa = PBXBuildFile; fileRef = 838DD2EC194BF316003B5942 /* UIKit.framework */; };
		838DD2F3194BF316003B5942 /* InfoPlist.strings in Resources */ = {isa = PBXBuildFile; fileRef = 838DD2F1194BF316003B5942 /* InfoPlist.strings */; };
		838DD2F5194BF316003B5942 /* main.m in Sources */ = {isa = PBXBuildFile; fileRef = 838DD2F4194BF316003B5942 /* main.m */; };
		838DD2F9194BF316003B5942 /* BDAppDelegate.m in Sources */ = {isa = PBXBuildFile; fileRef = 838DD2F8194BF316003B5942 /* BDAppDelegate.m */; };
		838DD2FB194BF316003B5942 /* Images.xcassets in Resources */ = {isa = PBXBuildFile; fileRef = 838DD2FA194BF316003B5942 /* Images.xcassets */; };
		83A5496419C109F6002657C9 /* libBDPointSDK.a in Frameworks */ = {isa = PBXBuildFile; fileRef = 83A5496319C109F6002657C9 /* libBDPointSDK.a */; };
		83C959151967895600EA5BE4 /* README in Resources */ = {isa = PBXBuildFile; fileRef = 83C959141967895600EA5BE4 /* README */; };
/* End PBXBuildFile section */

/* Begin PBXFileReference section */
		3E126073531824567865A6E4 /* BDZoneChecklistViewController.m */ = {isa = PBXFileReference; fileEncoding = 4; lastKnownFileType = sourcecode.c.objc; path = BDZoneChecklistViewController.m; sourceTree = "<group>"; };
		3E126130CA255C267FD74252 /* BDStyles.h */ = {isa = PBXFileReference; fileEncoding = 4; lastKnownFileType = sourcecode.c.h; path = BDStyles.h; sourceTree = "<group>"; };
		3E126202E37AB4EB9190EA47 /* BDFocusFencesNotification.h */ = {isa = PBXFileReference; fileEncoding = 4; lastKnownFileType = sourcecode.c.h; path = BDFocusFencesNotification.h; sourceTree = "<group>"; };
		3E12632BFE3EC769CE0D1D43 /* CoreMotion.framework */ = {isa = PBXFileReference; lastKnownFileType = wrapper.framework; name = CoreMotion.framework; path = System/Library/Frameworks/CoreMotion.framework; sourceTree = SDKROOT; };
		3E1263B9B2D55BF007404889 /* AudioToolbox.framework */ = {isa = PBXFileReference; lastKnownFileType = wrapper.framework; name = AudioToolbox.framework; path = System/Library/Frameworks/AudioToolbox.framework; sourceTree = SDKROOT; };
		3E1266BE722C20AA53C1F641 /* BDZoneMapViewController.m */ = {isa = PBXFileReference; fileEncoding = 4; lastKnownFileType = sourcecode.c.objc; path = BDZoneMapViewController.m; sourceTree = "<group>"; };
		3E1267A1F79D673ADC5C0FA3 /* CoreLocation.framework */ = {isa = PBXFileReference; lastKnownFileType = wrapper.framework; name = CoreLocation.framework; path = System/Library/Frameworks/CoreLocation.framework; sourceTree = SDKROOT; };
		3E126813957BD9D267057570 /* BDZoneMapViewController.h */ = {isa = PBXFileReference; fileEncoding = 4; lastKnownFileType = sourcecode.c.h; path = BDZoneMapViewController.h; sourceTree = "<group>"; };
		3E126861E2AC77B0D4BF44E3 /* BDDefaultCredentials.h */ = {isa = PBXFileReference; fileEncoding = 4; lastKnownFileType = sourcecode.c.h; path = BDDefaultCredentials.h; sourceTree = "<group>"; };
		3E12688077B7E3004A46836A /* BDZoneChecklistViewController.h */ = {isa = PBXFileReference; fileEncoding = 4; lastKnownFileType = sourcecode.c.h; path = BDZoneChecklistViewController.h; sourceTree = "<group>"; };
		3E126C2714E706A16D9FDE8C /* BDAuthenticationViewController.m */ = {isa = PBXFileReference; fileEncoding = 4; lastKnownFileType = sourcecode.c.objc; path = BDAuthenticationViewController.m; sourceTree = "<group>"; };
		3E126E7C4A5B6B3BB09D809C /* SystemConfiguration.framework */ = {isa = PBXFileReference; lastKnownFileType = wrapper.framework; name = SystemConfiguration.framework; path = System/Library/Frameworks/SystemConfiguration.framework; sourceTree = SDKROOT; };
		3E126EE9955E8345DBEE3ECD /* BDAuthenticationViewController.h */ = {isa = PBXFileReference; fileEncoding = 4; lastKnownFileType = sourcecode.c.h; path = BDAuthenticationViewController.h; sourceTree = "<group>"; };
		3E126FEC48B4BE801C9F6541 /* BDAuthenticationView.xib */ = {isa = PBXFileReference; lastKnownFileType = file.xib; path = BDAuthenticationView.xib; sourceTree = "<group>"; };
		832D483A19515A6C00DC29A9 /* MapKit.framework */ = {isa = PBXFileReference; lastKnownFileType = wrapper.framework; name = MapKit.framework; path = System/Library/Frameworks/MapKit.framework; sourceTree = SDKROOT; };
		838DD2E5194BF316003B5942 /* BDPoint.app */ = {isa = PBXFileReference; explicitFileType = wrapper.application; includeInIndex = 0; path = BDPoint.app; sourceTree = BUILT_PRODUCTS_DIR; };
		838DD2E8194BF316003B5942 /* Foundation.framework */ = {isa = PBXFileReference; lastKnownFileType = wrapper.framework; name = Foundation.framework; path = System/Library/Frameworks/Foundation.framework; sourceTree = SDKROOT; };
		838DD2EA194BF316003B5942 /* CoreGraphics.framework */ = {isa = PBXFileReference; lastKnownFileType = wrapper.framework; name = CoreGraphics.framework; path = System/Library/Frameworks/CoreGraphics.framework; sourceTree = SDKROOT; };
		838DD2EC194BF316003B5942 /* UIKit.framework */ = {isa = PBXFileReference; lastKnownFileType = wrapper.framework; name = UIKit.framework; path = System/Library/Frameworks/UIKit.framework; sourceTree = SDKROOT; };
		838DD2F0194BF316003B5942 /* BDPoint-Info.plist */ = {isa = PBXFileReference; lastKnownFileType = text.plist.xml; path = "BDPoint-Info.plist"; sourceTree = "<group>"; };
		838DD2F2194BF316003B5942 /* en */ = {isa = PBXFileReference; lastKnownFileType = text.plist.strings; name = en; path = en.lproj/InfoPlist.strings; sourceTree = "<group>"; };
		838DD2F4194BF316003B5942 /* main.m */ = {isa = PBXFileReference; lastKnownFileType = sourcecode.c.objc; path = main.m; sourceTree = "<group>"; };
		838DD2F6194BF316003B5942 /* BDPoint-Prefix.pch */ = {isa = PBXFileReference; lastKnownFileType = sourcecode.c.h; path = "BDPoint-Prefix.pch"; sourceTree = "<group>"; };
		838DD2F7194BF316003B5942 /* BDAppDelegate.h */ = {isa = PBXFileReference; lastKnownFileType = sourcecode.c.h; path = BDAppDelegate.h; sourceTree = "<group>"; };
		838DD2F8194BF316003B5942 /* BDAppDelegate.m */ = {isa = PBXFileReference; lastKnownFileType = sourcecode.c.objc; path = BDAppDelegate.m; sourceTree = "<group>"; };
		838DD2FA194BF316003B5942 /* Images.xcassets */ = {isa = PBXFileReference; lastKnownFileType = folder.assetcatalog; path = Images.xcassets; sourceTree = "<group>"; };
		838DD301194BF316003B5942 /* XCTest.framework */ = {isa = PBXFileReference; lastKnownFileType = wrapper.framework; name = XCTest.framework; path = Library/Frameworks/XCTest.framework; sourceTree = DEVELOPER_DIR; };
		83A5496319C109F6002657C9 /* libBDPointSDK.a */ = {isa = PBXFileReference; lastKnownFileType = archive.ar; path = libBDPointSDK.a; sourceTree = "<group>"; };
		83BB1ACC19BEF33500204D8B /* BDAuthenticationState.h */ = {isa = PBXFileReference; lastKnownFileType = sourcecode.c.h; path = BDAuthenticationState.h; sourceTree = "<group>"; };
		83BB1ACD19BEF33500204D8B /* BDBoundingBox.h */ = {isa = PBXFileReference; lastKnownFileType = sourcecode.c.h; path = BDBoundingBox.h; sourceTree = "<group>"; };
		83BB1ACE19BEF33500204D8B /* BDCircle.h */ = {isa = PBXFileReference; lastKnownFileType = sourcecode.c.h; path = BDCircle.h; sourceTree = "<group>"; };
		83BB1ACF19BEF33500204D8B /* BDFence.h */ = {isa = PBXFileReference; lastKnownFileType = sourcecode.c.h; path = BDFence.h; sourceTree = "<group>"; };
		83BB1AD019BEF33500204D8B /* BDFence+MKOverlay.h */ = {isa = PBXFileReference; lastKnownFileType = sourcecode.c.h; path = "BDFence+MKOverlay.h"; sourceTree = "<group>"; };
		83BB1AD119BEF33500204D8B /* BDFenceOverlayRendererFactory.h */ = {isa = PBXFileReference; lastKnownFileType = sourcecode.c.h; path = BDFenceOverlayRendererFactory.h; sourceTree = "<group>"; };
		83BB1AD219BEF33500204D8B /* BDGeometry.h */ = {isa = PBXFileReference; lastKnownFileType = sourcecode.c.h; path = BDGeometry.h; sourceTree = "<group>"; };
		83BB1AD319BEF33500204D8B /* BDLocation.h */ = {isa = PBXFileReference; lastKnownFileType = sourcecode.c.h; path = BDLocation.h; sourceTree = "<group>"; };
		83BB1AD419BEF33500204D8B /* BDLocationManager.h */ = {isa = PBXFileReference; lastKnownFileType = sourcecode.c.h; path = BDLocationManager.h; sourceTree = "<group>"; };
		83BB1AD519BEF33500204D8B /* BDManagedObject.h */ = {isa = PBXFileReference; lastKnownFileType = sourcecode.c.h; path = BDManagedObject.h; sourceTree = "<group>"; };
		83BB1AD619BEF33500204D8B /* BDMotionManager.h */ = {isa = PBXFileReference; lastKnownFileType = sourcecode.c.h; path = BDMotionManager.h; sourceTree = "<group>"; };
		83BB1AD719BEF33500204D8B /* BDOrientation.h */ = {isa = PBXFileReference; lastKnownFileType = sourcecode.c.h; path = BDOrientation.h; sourceTree = "<group>"; };
		83BB1AD819BEF33500204D8B /* BDPAuthenticationDelegate.h */ = {isa = PBXFileReference; lastKnownFileType = sourcecode.c.h; path = BDPAuthenticationDelegate.h; sourceTree = "<group>"; };
		83BB1AD919BEF33500204D8B /* BDPDatedObject.h */ = {isa = PBXFileReference; lastKnownFileType = sourcecode.c.h; path = BDPDatedObject.h; sourceTree = "<group>"; };
		83BB1ADA19BEF33500204D8B /* BDPDeepCopy.h */ = {isa = PBXFileReference; lastKnownFileType = sourcecode.c.h; path = BDPDeepCopy.h; sourceTree = "<group>"; };
		83BB1ADB19BEF33500204D8B /* BDPLocationDelegate.h */ = {isa = PBXFileReference; lastKnownFileType = sourcecode.c.h; path = BDPLocationDelegate.h; sourceTree = "<group>"; };
		83BB1ADC19BEF33500204D8B /* BDPManagedObject.h */ = {isa = PBXFileReference; lastKnownFileType = sourcecode.c.h; path = BDPManagedObject.h; sourceTree = "<group>"; };
		83BB1ADD19BEF33500204D8B /* BDPMKShape.h */ = {isa = PBXFileReference; lastKnownFileType = sourcecode.c.h; path = BDPMKShape.h; sourceTree = "<group>"; };
		83BB1ADE19BEF33500204D8B /* BDPNamedDescribed.h */ = {isa = PBXFileReference; lastKnownFileType = sourcecode.c.h; path = BDPNamedDescribed.h; sourceTree = "<group>"; };
		83BB1ADF19BEF33500204D8B /* BDPoint.h */ = {isa = PBXFileReference; lastKnownFileType = sourcecode.c.h; path = BDPoint.h; sourceTree = "<group>"; };
		83BB1AE019BEF33500204D8B /* BDPointAppDelegate.h */ = {isa = PBXFileReference; lastKnownFileType = sourcecode.c.h; path = BDPointAppDelegate.h; sourceTree = "<group>"; };
		83BB1AE119BEF33500204D8B /* BDPointDelegate.h */ = {isa = PBXFileReference; lastKnownFileType = sourcecode.c.h; path = BDPointDelegate.h; sourceTree = "<group>"; };
		83BB1AE219BEF33500204D8B /* BDPointQueue.h */ = {isa = PBXFileReference; lastKnownFileType = sourcecode.c.h; path = BDPointQueue.h; sourceTree = "<group>"; };
		83BB1AE319BEF33500204D8B /* BDPointSDK.h */ = {isa = PBXFileReference; lastKnownFileType = sourcecode.c.h; path = BDPointSDK.h; sourceTree = "<group>"; };
		83BB1AE419BEF33500204D8B /* BDPolygon.h */ = {isa = PBXFileReference; lastKnownFileType = sourcecode.c.h; path = BDPolygon.h; sourceTree = "<group>"; };
		83BB1AE519BEF33500204D8B /* BDPSpatialObject.h */ = {isa = PBXFileReference; lastKnownFileType = sourcecode.c.h; path = BDPSpatialObject.h; sourceTree = "<group>"; };
		83BB1AE619BEF33500204D8B /* BDPValidatable.h */ = {isa = PBXFileReference; lastKnownFileType = sourcecode.c.h; path = BDPValidatable.h; sourceTree = "<group>"; };
		83BB1AE719BEF33500204D8B /* BDZoneInfo.h */ = {isa = PBXFileReference; lastKnownFileType = sourcecode.c.h; path = BDZoneInfo.h; sourceTree = "<group>"; };
		83BB1AE819BEF33500204D8B /* MKMapView+BDPoint.h */ = {isa = PBXFileReference; lastKnownFileType = sourcecode.c.h; path = "MKMapView+BDPoint.h"; sourceTree = "<group>"; };
		83BB1AE919BEF33500204D8B /* NSObject+BDKVOBlocks.h */ = {isa = PBXFileReference; lastKnownFileType = sourcecode.c.h; path = "NSObject+BDKVOBlocks.h"; sourceTree = "<group>"; };
		83BB1AEA19BEF33500204D8B /* NSString+BDURLEncoding.h */ = {isa = PBXFileReference; lastKnownFileType = sourcecode.c.h; path = "NSString+BDURLEncoding.h"; sourceTree = "<group>"; };
		83C959141967895600EA5BE4 /* README */ = {isa = PBXFileReference; fileEncoding = 4; lastKnownFileType = text; path = README; sourceTree = "<group>"; };
/* End PBXFileReference section */

/* Begin PBXFrameworksBuildPhase section */
		838DD2E2194BF316003B5942 /* Frameworks */ = {
			isa = PBXFrameworksBuildPhase;
			buildActionMask = 2147483647;
			files = (
				838DD2EB194BF316003B5942 /* CoreGraphics.framework in Frameworks */,
				832D483B19515A6C00DC29A9 /* MapKit.framework in Frameworks */,
				838DD2ED194BF316003B5942 /* UIKit.framework in Frameworks */,
				838DD2E9194BF316003B5942 /* Foundation.framework in Frameworks */,
				83A5496419C109F6002657C9 /* libBDPointSDK.a in Frameworks */,
				3E12602E16A46BB9C173A90F /* CoreLocation.framework in Frameworks */,
				3E126DF1390BAA3EB0BB7249 /* CoreMotion.framework in Frameworks */,
				3E1260BB62CA2AD2E96C2B96 /* SystemConfiguration.framework in Frameworks */,
				3E12600A978753FBADC9934F /* AudioToolbox.framework in Frameworks */,
			);
			runOnlyForDeploymentPostprocessing = 0;
		};
/* End PBXFrameworksBuildPhase section */

/* Begin PBXGroup section */
		3E126417CBC118A2940766B4 /* UI */ = {
			isa = PBXGroup;
			children = (
				3E126ABE52AA5B1EB6B09A06 /* Controller */,
				3E126EDEDE72E1EA303742BF /* View */,
			);
			path = UI;
			sourceTree = "<group>";
		};
		3E126ABE52AA5B1EB6B09A06 /* Controller */ = {
			isa = PBXGroup;
			children = (
				3E12688077B7E3004A46836A /* BDZoneChecklistViewController.h */,
				3E126073531824567865A6E4 /* BDZoneChecklistViewController.m */,
				3E126813957BD9D267057570 /* BDZoneMapViewController.h */,
				3E1266BE722C20AA53C1F641 /* BDZoneMapViewController.m */,
				3E126C2714E706A16D9FDE8C /* BDAuthenticationViewController.m */,
				3E126EE9955E8345DBEE3ECD /* BDAuthenticationViewController.h */,
				3E126202E37AB4EB9190EA47 /* BDFocusFencesNotification.h */,
				3E126130CA255C267FD74252 /* BDStyles.h */,
			);
			name = Controller;
			path = BDPoint;
			sourceTree = SOURCE_ROOT;
		};
		3E126EDEDE72E1EA303742BF /* View */ = {
			isa = PBXGroup;
			children = (
				3E126FEC48B4BE801C9F6541 /* BDAuthenticationView.xib */,
			);
			path = View;
			sourceTree = "<group>";
		};
		838DD2DC194BF316003B5942 = {
			isa = PBXGroup;
			children = (
				838DD2EE194BF316003B5942 /* BDPoint */,
				838DD2E7194BF316003B5942 /* Frameworks */,
				838DD2E6194BF316003B5942 /* Products */,
			);
			sourceTree = "<group>";
		};
		838DD2E6194BF316003B5942 /* Products */ = {
			isa = PBXGroup;
			children = (
				838DD2E5194BF316003B5942 /* BDPoint.app */,
			);
			name = Products;
			sourceTree = "<group>";
		};
		838DD2E7194BF316003B5942 /* Frameworks */ = {
			isa = PBXGroup;
			children = (
				832D483A19515A6C00DC29A9 /* MapKit.framework */,
				838DD2E8194BF316003B5942 /* Foundation.framework */,
				838DD2EA194BF316003B5942 /* CoreGraphics.framework */,
				838DD2EC194BF316003B5942 /* UIKit.framework */,
				838DD301194BF316003B5942 /* XCTest.framework */,
				3E1267A1F79D673ADC5C0FA3 /* CoreLocation.framework */,
				3E12632BFE3EC769CE0D1D43 /* CoreMotion.framework */,
				3E126E7C4A5B6B3BB09D809C /* SystemConfiguration.framework */,
				3E1263B9B2D55BF007404889 /* AudioToolbox.framework */,
			);
			name = Frameworks;
			sourceTree = "<group>";
		};
		838DD2EE194BF316003B5942 /* BDPoint */ = {
			isa = PBXGroup;
			children = (
				838DD317194BF32E003B5942 /* Dependencies */,
				838DD2F7194BF316003B5942 /* BDAppDelegate.h */,
				838DD2F8194BF316003B5942 /* BDAppDelegate.m */,
				838DD2FA194BF316003B5942 /* Images.xcassets */,
				838DD2EF194BF316003B5942 /* Supporting Files */,
				3E126417CBC118A2940766B4 /* UI */,
				3E126861E2AC77B0D4BF44E3 /* BDDefaultCredentials.h */,
			);
			path = BDPoint;
			sourceTree = "<group>";
		};
		838DD2EF194BF316003B5942 /* Supporting Files */ = {
			isa = PBXGroup;
			children = (
				838DD2F0194BF316003B5942 /* BDPoint-Info.plist */,
				838DD2F1194BF316003B5942 /* InfoPlist.strings */,
				838DD2F4194BF316003B5942 /* main.m */,
				838DD2F6194BF316003B5942 /* BDPoint-Prefix.pch */,
			);
			name = "Supporting Files";
			sourceTree = "<group>";
		};
		838DD317194BF32E003B5942 /* Dependencies */ = {
			isa = PBXGroup;
			children = (
				838DD318194BF339003B5942 /* PointSDK */,
			);
			name = Dependencies;
			sourceTree = "<group>";
		};
		838DD318194BF339003B5942 /* PointSDK */ = {
			isa = PBXGroup;
			children = (
				83A5496319C109F6002657C9 /* libBDPointSDK.a */,
				83BB1AC919BEF07C00204D8B /* include */,
				83C959141967895600EA5BE4 /* README */,
			);
			path = PointSDK;
			sourceTree = "<group>";
		};
		83BB1AC919BEF07C00204D8B /* include */ = {
			isa = PBXGroup;
			children = (
				83BB1ACC19BEF33500204D8B /* BDAuthenticationState.h */,
				83BB1ACD19BEF33500204D8B /* BDBoundingBox.h */,
				83BB1ACE19BEF33500204D8B /* BDCircle.h */,
				83BB1ACF19BEF33500204D8B /* BDFence.h */,
				83BB1AD019BEF33500204D8B /* BDFence+MKOverlay.h */,
				83BB1AD119BEF33500204D8B /* BDFenceOverlayRendererFactory.h */,
				83BB1AD219BEF33500204D8B /* BDGeometry.h */,
				83BB1AD319BEF33500204D8B /* BDLocation.h */,
				83BB1AD419BEF33500204D8B /* BDLocationManager.h */,
				83BB1AD519BEF33500204D8B /* BDManagedObject.h */,
				83BB1AD619BEF33500204D8B /* BDMotionManager.h */,
				83BB1AD719BEF33500204D8B /* BDOrientation.h */,
				83BB1AD819BEF33500204D8B /* BDPAuthenticationDelegate.h */,
				83BB1AD919BEF33500204D8B /* BDPDatedObject.h */,
				83BB1ADA19BEF33500204D8B /* BDPDeepCopy.h */,
				83BB1ADB19BEF33500204D8B /* BDPLocationDelegate.h */,
				83BB1ADC19BEF33500204D8B /* BDPManagedObject.h */,
				83BB1ADD19BEF33500204D8B /* BDPMKShape.h */,
				83BB1ADE19BEF33500204D8B /* BDPNamedDescribed.h */,
				83BB1ADF19BEF33500204D8B /* BDPoint.h */,
				83BB1AE019BEF33500204D8B /* BDPointAppDelegate.h */,
				83BB1AE119BEF33500204D8B /* BDPointDelegate.h */,
				83BB1AE219BEF33500204D8B /* BDPointQueue.h */,
				83BB1AE319BEF33500204D8B /* BDPointSDK.h */,
				83BB1AE419BEF33500204D8B /* BDPolygon.h */,
				83BB1AE519BEF33500204D8B /* BDPSpatialObject.h */,
				83BB1AE619BEF33500204D8B /* BDPValidatable.h */,
				83BB1AE719BEF33500204D8B /* BDZoneInfo.h */,
				83BB1AE819BEF33500204D8B /* MKMapView+BDPoint.h */,
				83BB1AE919BEF33500204D8B /* NSObject+BDKVOBlocks.h */,
				83BB1AEA19BEF33500204D8B /* NSString+BDURLEncoding.h */,
			);
			path = include;
			sourceTree = "<group>";
		};
/* End PBXGroup section */

/* Begin PBXNativeTarget section */
		838DD2E4194BF316003B5942 /* BDPoint */ = {
			isa = PBXNativeTarget;
			buildConfigurationList = 838DD311194BF316003B5942 /* Build configuration list for PBXNativeTarget "BDPoint" */;
			buildPhases = (
				83E0621819EF63CB009BDF0D /* ShellScript */,
				838DD2E1194BF316003B5942 /* Sources */,
				838DD2E2194BF316003B5942 /* Frameworks */,
				838DD2E3194BF316003B5942 /* Resources */,
			);
			buildRules = (
			);
			dependencies = (
			);
			name = BDPoint;
			productName = BDPoint;
			productReference = 838DD2E5194BF316003B5942 /* BDPoint.app */;
			productType = "com.apple.product-type.application";
		};
/* End PBXNativeTarget section */

/* Begin PBXProject section */
		838DD2DD194BF316003B5942 /* Project object */ = {
			isa = PBXProject;
			attributes = {
				CLASSPREFIX = BD;
				LastUpgradeCheck = 0510;
				ORGANIZATIONNAME = Bluedot;
				TargetAttributes = {
					838DD2E4194BF316003B5942 = {
						DevelopmentTeam = 9H7C75E224;
						SystemCapabilities = {
							com.apple.BackgroundModes = {
								enabled = 1;
							};
							com.apple.iOS = {
								enabled = 1;
							};
						};
					};
				};
			};
			buildConfigurationList = 838DD2E0194BF316003B5942 /* Build configuration list for PBXProject "BDPoint" */;
			compatibilityVersion = "Xcode 3.2";
			developmentRegion = English;
			hasScannedForEncodings = 0;
			knownRegions = (
				en,
			);
			mainGroup = 838DD2DC194BF316003B5942;
			productRefGroup = 838DD2E6194BF316003B5942 /* Products */;
			projectDirPath = "";
			projectRoot = "";
			targets = (
				838DD2E4194BF316003B5942 /* BDPoint */,
			);
		};
/* End PBXProject section */

/* Begin PBXResourcesBuildPhase section */
		838DD2E3194BF316003B5942 /* Resources */ = {
			isa = PBXResourcesBuildPhase;
			buildActionMask = 2147483647;
			files = (
				83C959151967895600EA5BE4 /* README in Resources */,
				838DD2F3194BF316003B5942 /* InfoPlist.strings in Resources */,
				838DD2FB194BF316003B5942 /* Images.xcassets in Resources */,
				3E12658AB765C20C4A630F8E /* BDAuthenticationView.xib in Resources */,
				3E1265D3221F4C717DCD6165 /* BDStyles.h in Resources */,
			);
			runOnlyForDeploymentPostprocessing = 0;
		};
/* End PBXResourcesBuildPhase section */

/* Begin PBXShellScriptBuildPhase section */
		83E0621819EF63CB009BDF0D /* ShellScript */ = {
			isa = PBXShellScriptBuildPhase;
			buildActionMask = 2147483647;
			files = (
			);
			inputPaths = (
			);
			outputPaths = (
			);
			runOnlyForDeploymentPostprocessing = 0;
			shellPath = /bin/sh;
			shellScript = "echo \"Project directory:${PROJECT_DIR}\"\necho \"PointSDK header directory:${PROJECT_DIR}/BDPoint/PointSDK/\"\nls ${PROJECT_DIR}/BDPoint/PointSDK/";
		};
/* End PBXShellScriptBuildPhase section */

/* Begin PBXSourcesBuildPhase section */
		838DD2E1194BF316003B5942 /* Sources */ = {
			isa = PBXSourcesBuildPhase;
			buildActionMask = 2147483647;
			files = (
				838DD2F9194BF316003B5942 /* BDAppDelegate.m in Sources */,
				838DD2F5194BF316003B5942 /* main.m in Sources */,
				3E12636A113A6BBA9D18480A /* BDZoneChecklistViewController.m in Sources */,
				3E12698A1CD986562C3CE339 /* BDZoneMapViewController.m in Sources */,
				3E12635CBB8C138F23481872 /* BDAuthenticationViewController.m in Sources */,
			);
			runOnlyForDeploymentPostprocessing = 0;
		};
/* End PBXSourcesBuildPhase section */

/* Begin PBXVariantGroup section */
		838DD2F1194BF316003B5942 /* InfoPlist.strings */ = {
			isa = PBXVariantGroup;
			children = (
				838DD2F2194BF316003B5942 /* en */,
			);
			name = InfoPlist.strings;
			sourceTree = "<group>";
		};
/* End PBXVariantGroup section */

/* Begin XCBuildConfiguration section */
		838DD30F194BF316003B5942 /* Debug */ = {
			isa = XCBuildConfiguration;
			buildSettings = {
				ALWAYS_SEARCH_USER_PATHS = NO;
				CLANG_CXX_LANGUAGE_STANDARD = "gnu++0x";
				CLANG_CXX_LIBRARY = "libc++";
				CLANG_ENABLE_MODULES = YES;
				CLANG_ENABLE_OBJC_ARC = YES;
				CLANG_WARN_BOOL_CONVERSION = YES;
				CLANG_WARN_CONSTANT_CONVERSION = YES;
				CLANG_WARN_DIRECT_OBJC_ISA_USAGE = YES_ERROR;
				CLANG_WARN_EMPTY_BODY = YES;
				CLANG_WARN_ENUM_CONVERSION = YES;
				CLANG_WARN_INT_CONVERSION = YES;
				CLANG_WARN_OBJC_ROOT_CLASS = YES_ERROR;
				CLANG_WARN__DUPLICATE_METHOD_MATCH = YES;
				CODE_SIGN_IDENTITY = "iPhone Developer";
				COPY_PHASE_STRIP = NO;
				GCC_C_LANGUAGE_STANDARD = gnu99;
				GCC_DYNAMIC_NO_PIC = NO;
				GCC_OPTIMIZATION_LEVEL = 0;
				GCC_PREPROCESSOR_DEFINITIONS = (
					"DEBUG=1",
					"$(inherited)",
				);
				GCC_SYMBOLS_PRIVATE_EXTERN = NO;
				GCC_WARN_64_TO_32_BIT_CONVERSION = YES;
				GCC_WARN_ABOUT_RETURN_TYPE = YES_ERROR;
				GCC_WARN_UNDECLARED_SELECTOR = YES;
				GCC_WARN_UNINITIALIZED_AUTOS = YES_AGGRESSIVE;
				GCC_WARN_UNUSED_FUNCTION = YES;
				GCC_WARN_UNUSED_VARIABLE = YES;
				IPHONEOS_DEPLOYMENT_TARGET = 7.0;
				ONLY_ACTIVE_ARCH = YES;
				SDKROOT = iphoneos;
				TARGETED_DEVICE_FAMILY = "1,2";
				VALID_ARCHS = "arm64 armv7";
			};
			name = Debug;
		};
		838DD310194BF316003B5942 /* Release */ = {
			isa = XCBuildConfiguration;
			buildSettings = {
				ALWAYS_SEARCH_USER_PATHS = NO;
				CLANG_CXX_LANGUAGE_STANDARD = "gnu++0x";
				CLANG_CXX_LIBRARY = "libc++";
				CLANG_ENABLE_MODULES = YES;
				CLANG_ENABLE_OBJC_ARC = YES;
				CLANG_WARN_BOOL_CONVERSION = YES;
				CLANG_WARN_CONSTANT_CONVERSION = YES;
				CLANG_WARN_DIRECT_OBJC_ISA_USAGE = YES_ERROR;
				CLANG_WARN_EMPTY_BODY = YES;
				CLANG_WARN_ENUM_CONVERSION = YES;
				CLANG_WARN_INT_CONVERSION = YES;
				CLANG_WARN_OBJC_ROOT_CLASS = YES_ERROR;
				CLANG_WARN__DUPLICATE_METHOD_MATCH = YES;
				CODE_SIGN_IDENTITY = "iPhone Distribution";
				COPY_PHASE_STRIP = YES;
				ENABLE_NS_ASSERTIONS = NO;
				GCC_C_LANGUAGE_STANDARD = gnu99;
				GCC_WARN_64_TO_32_BIT_CONVERSION = YES;
				GCC_WARN_ABOUT_RETURN_TYPE = YES_ERROR;
				GCC_WARN_UNDECLARED_SELECTOR = YES;
				GCC_WARN_UNINITIALIZED_AUTOS = YES_AGGRESSIVE;
				GCC_WARN_UNUSED_FUNCTION = YES;
				GCC_WARN_UNUSED_VARIABLE = YES;
				IPHONEOS_DEPLOYMENT_TARGET = 7.0;
				SDKROOT = iphoneos;
				TARGETED_DEVICE_FAMILY = "1,2";
				VALIDATE_PRODUCT = YES;
				VALID_ARCHS = "arm64 armv7";
			};
			name = Release;
		};
		838DD312194BF316003B5942 /* Debug */ = {
			isa = XCBuildConfiguration;
			buildSettings = {
				ASSETCATALOG_COMPILER_APPICON_NAME = AppIcon;
				ASSETCATALOG_COMPILER_LAUNCHIMAGE_NAME = LaunchImage;
				GCC_PRECOMPILE_PREFIX_HEADER = YES;
				GCC_PREFIX_HEADER = "BDPoint/BDPoint-Prefix.pch";
				HEADER_SEARCH_PATHS = (
					"$(inherited)",
					/Applications/Development/Xcode.app/Contents/Developer/Toolchains/XcodeDefault.xctoolchain/usr/include,
					"${PROJECT_DIR}/BDPoint/PointSDK/include",
				);
				INFOPLIST_FILE = "BDPoint/BDPoint-Info.plist";
				LIBRARY_SEARCH_PATHS = (
					"$(inherited)",
					"$(PROJECT_DIR)/BDPoint/PointSDK",
					"\"${PROJECT_DIR}/../../../../Library/Caches/appCode30/DerivedData/BDPointSDK-ea991ce8/Build/Products/Debug-iphoneos\"/**",
					"\"${PROJECT_DIR}/../../../../Library/Caches/appCode30/DerivedData/BDPointSDK-ea991ce8/Build/Products/Debug-iphoneos\"/**",
					"\"${PROJECT_DIR}/BDPoint/PointSDK\"/**",
				);
				OTHER_LDFLAGS = "-ObjC";
				PRODUCT_NAME = "$(TARGET_NAME)";
				PROVISIONING_PROFILE = "";
				TARGETED_DEVICE_FAMILY = 1;
				WRAPPER_EXTENSION = app;
			};
			name = Debug;
		};
		838DD313194BF316003B5942 /* Release */ = {
			isa = XCBuildConfiguration;
			buildSettings = {
				ASSETCATALOG_COMPILER_APPICON_NAME = AppIcon;
				ASSETCATALOG_COMPILER_LAUNCHIMAGE_NAME = LaunchImage;
				GCC_PRECOMPILE_PREFIX_HEADER = YES;
				GCC_PREFIX_HEADER = "BDPoint/BDPoint-Prefix.pch";
				HEADER_SEARCH_PATHS = (
					"$(inherited)",
					/Applications/Development/Xcode.app/Contents/Developer/Toolchains/XcodeDefault.xctoolchain/usr/include,
					"${PROJECT_DIR}/BDPoint/PointSDK/include",
				);
				INFOPLIST_FILE = "BDPoint/BDPoint-Info.plist";
				LIBRARY_SEARCH_PATHS = (
					"$(inherited)",
					"$(PROJECT_DIR)/BDPoint/PointSDK",
					"\"${PROJECT_DIR}/../../../../Library/Caches/appCode30/DerivedData/BDPointSDK-ea991ce8/Build/Products/Debug-iphoneos\"/**",
					"\"${PROJECT_DIR}/../../../../Library/Caches/appCode30/DerivedData/BDPointSDK-ea991ce8/Build/Products/Debug-iphoneos\"/**",
					"\"${PROJECT_DIR}/BDPoint/PointSDK\"/**",
				);
				OTHER_LDFLAGS = "-ObjC";
				PRODUCT_NAME = "$(TARGET_NAME)";
				PROVISIONING_PROFILE = "";
				TARGETED_DEVICE_FAMILY = 1;
				WRAPPER_EXTENSION = app;
			};
			name = Release;
		};
/* End XCBuildConfiguration section */

/* Begin XCConfigurationList section */
		838DD2E0194BF316003B5942 /* Build configuration list for PBXProject "BDPoint" */ = {
			isa = XCConfigurationList;
			buildConfigurations = (
				838DD30F194BF316003B5942 /* Debug */,
				838DD310194BF316003B5942 /* Release */,
			);
			defaultConfigurationIsVisible = 0;
			defaultConfigurationName = Release;
		};
		838DD311194BF316003B5942 /* Build configuration list for PBXNativeTarget "BDPoint" */ = {
			isa = XCConfigurationList;
			buildConfigurations = (
				838DD312194BF316003B5942 /* Debug */,
				838DD313194BF316003B5942 /* Release */,
			);
			defaultConfigurationIsVisible = 0;
			defaultConfigurationName = Release;
		};
/* End XCConfigurationList section */
	};
	rootObject = 838DD2DD194BF316003B5942 /* Project object */;
}
